// !$*UTF8*$!
{
	archiveVersion = 1;
	classes = {
	};
	objectVersion = 46;
	objects = {

/* Begin PBXBuildFile section */
		575A1BF4192A8DB7000B9EC4 /* Foundation.framework in Frameworks */ = {isa = PBXBuildFile; fileRef = 575A1BF3192A8DB7000B9EC4 /* Foundation.framework */; };
		575A1BF6192A8DB7000B9EC4 /* CoreGraphics.framework in Frameworks */ = {isa = PBXBuildFile; fileRef = 575A1BF5192A8DB7000B9EC4 /* CoreGraphics.framework */; };
		575A1BF8192A8DB7000B9EC4 /* UIKit.framework in Frameworks */ = {isa = PBXBuildFile; fileRef = 575A1BF7192A8DB7000B9EC4 /* UIKit.framework */; };
		575A1BFE192A8DB7000B9EC4 /* InfoPlist.strings in Resources */ = {isa = PBXBuildFile; fileRef = 575A1BFC192A8DB7000B9EC4 /* InfoPlist.strings */; };
		575A1C00192A8DB7000B9EC4 /* main.m in Sources */ = {isa = PBXBuildFile; fileRef = 575A1BFF192A8DB7000B9EC4 /* main.m */; };
		575A1C04192A8DB7000B9EC4 /* AppDelegate.m in Sources */ = {isa = PBXBuildFile; fileRef = 575A1C03192A8DB7000B9EC4 /* AppDelegate.m */; };
		575A1C07192A8DB7000B9EC4 /* Main_iPhone.storyboard in Resources */ = {isa = PBXBuildFile; fileRef = 575A1C05192A8DB7000B9EC4 /* Main_iPhone.storyboard */; };
		575A1C0A192A8DB7000B9EC4 /* Main_iPad.storyboard in Resources */ = {isa = PBXBuildFile; fileRef = 575A1C08192A8DB7000B9EC4 /* Main_iPad.storyboard */; };
		575A1C0D192A8DB7000B9EC4 /* ViewController.m in Sources */ = {isa = PBXBuildFile; fileRef = 575A1C0C192A8DB7000B9EC4 /* ViewController.m */; };
		575A1C0F192A8DB7000B9EC4 /* Images.xcassets in Resources */ = {isa = PBXBuildFile; fileRef = 575A1C0E192A8DB7000B9EC4 /* Images.xcassets */; };
		575A1C16192A8DB7000B9EC4 /* XCTest.framework in Frameworks */ = {isa = PBXBuildFile; fileRef = 575A1C15192A8DB7000B9EC4 /* XCTest.framework */; };
		575A1C17192A8DB7000B9EC4 /* Foundation.framework in Frameworks */ = {isa = PBXBuildFile; fileRef = 575A1BF3192A8DB7000B9EC4 /* Foundation.framework */; };
		575A1C18192A8DB7000B9EC4 /* UIKit.framework in Frameworks */ = {isa = PBXBuildFile; fileRef = 575A1BF7192A8DB7000B9EC4 /* UIKit.framework */; };
		575A1C20192A8DB7000B9EC4 /* InfoPlist.strings in Resources */ = {isa = PBXBuildFile; fileRef = 575A1C1E192A8DB7000B9EC4 /* InfoPlist.strings */; };
		575A1C22192A8DB7000B9EC4 /* HoPro_QuizTests.m in Sources */ = {isa = PBXBuildFile; fileRef = 575A1C21192A8DB7000B9EC4 /* HoPro_QuizTests.m */; };
/* End PBXBuildFile section */

/* Begin PBXContainerItemProxy section */
		575A1C19192A8DB7000B9EC4 /* PBXContainerItemProxy */ = {
			isa = PBXContainerItemProxy;
			containerPortal = 575A1BE8192A8DB7000B9EC4 /* Project object */;
			proxyType = 1;
			remoteGlobalIDString = 575A1BEF192A8DB7000B9EC4;
			remoteInfo = "HoPro Quiz";
		};
/* End PBXContainerItemProxy section */

/* Begin PBXFileReference section */
		575A1BF0192A8DB7000B9EC4 /* HoPro Quiz.app */ = {isa = PBXFileReference; explicitFileType = wrapper.application; includeInIndex = 0; path = "HoPro Quiz.app"; sourceTree = BUILT_PRODUCTS_DIR; };
		575A1BF3192A8DB7000B9EC4 /* Foundation.framework */ = {isa = PBXFileReference; lastKnownFileType = wrapper.framework; name = Foundation.framework; path = System/Library/Frameworks/Foundation.framework; sourceTree = SDKROOT; };
		575A1BF5192A8DB7000B9EC4 /* CoreGraphics.framework */ = {isa = PBXFileReference; lastKnownFileType = wrapper.framework; name = CoreGraphics.framework; path = System/Library/Frameworks/CoreGraphics.framework; sourceTree = SDKROOT; };
		575A1BF7192A8DB7000B9EC4 /* UIKit.framework */ = {isa = PBXFileReference; lastKnownFileType = wrapper.framework; name = UIKit.framework; path = System/Library/Frameworks/UIKit.framework; sourceTree = SDKROOT; };
		575A1BFB192A8DB7000B9EC4 /* HoPro Quiz-Info.plist */ = {isa = PBXFileReference; lastKnownFileType = text.plist.xml; path = "HoPro Quiz-Info.plist"; sourceTree = "<group>"; };
		575A1BFD192A8DB7000B9EC4 /* en */ = {isa = PBXFileReference; lastKnownFileType = text.plist.strings; name = en; path = en.lproj/InfoPlist.strings; sourceTree = "<group>"; };
		575A1BFF192A8DB7000B9EC4 /* main.m */ = {isa = PBXFileReference; lastKnownFileType = sourcecode.c.objc; path = main.m; sourceTree = "<group>"; };
		575A1C01192A8DB7000B9EC4 /* HoPro Quiz-Prefix.pch */ = {isa = PBXFileReference; lastKnownFileType = sourcecode.c.h; path = "HoPro Quiz-Prefix.pch"; sourceTree = "<group>"; };
		575A1C02192A8DB7000B9EC4 /* AppDelegate.h */ = {isa = PBXFileReference; lastKnownFileType = sourcecode.c.h; path = AppDelegate.h; sourceTree = "<group>"; };
		575A1C03192A8DB7000B9EC4 /* AppDelegate.m */ = {isa = PBXFileReference; lastKnownFileType = sourcecode.c.objc; path = AppDelegate.m; sourceTree = "<group>"; };
		575A1C06192A8DB7000B9EC4 /* Base */ = {isa = PBXFileReference; lastKnownFileType = file.storyboard; name = Base; path = Base.lproj/Main_iPhone.storyboard; sourceTree = "<group>"; };
		575A1C09192A8DB7000B9EC4 /* Base */ = {isa = PBXFileReference; lastKnownFileType = file.storyboard; name = Base; path = Base.lproj/Main_iPad.storyboard; sourceTree = "<group>"; };
		575A1C0B192A8DB7000B9EC4 /* ViewController.h */ = {isa = PBXFileReference; lastKnownFileType = sourcecode.c.h; path = ViewController.h; sourceTree = "<group>"; };
		575A1C0C192A8DB7000B9EC4 /* ViewController.m */ = {isa = PBXFileReference; lastKnownFileType = sourcecode.c.objc; path = ViewController.m; sourceTree = "<group>"; };
		575A1C0E192A8DB7000B9EC4 /* Images.xcassets */ = {isa = PBXFileReference; lastKnownFileType = folder.assetcatalog; path = Images.xcassets; sourceTree = "<group>"; };
		575A1C14192A8DB7000B9EC4 /* HoPro QuizTests.xctest */ = {isa = PBXFileReference; explicitFileType = wrapper.cfbundle; includeInIndex = 0; path = "HoPro QuizTests.xctest"; sourceTree = BUILT_PRODUCTS_DIR; };
		575A1C15192A8DB7000B9EC4 /* XCTest.framework */ = {isa = PBXFileReference; lastKnownFileType = wrapper.framework; name = XCTest.framework; path = Library/Frameworks/XCTest.framework; sourceTree = DEVELOPER_DIR; };
		575A1C1D192A8DB7000B9EC4 /* HoPro QuizTests-Info.plist */ = {isa = PBXFileReference; lastKnownFileType = text.plist.xml; path = "HoPro QuizTests-Info.plist"; sourceTree = "<group>"; };
		575A1C1F192A8DB7000B9EC4 /* en */ = {isa = PBXFileReference; lastKnownFileType = text.plist.strings; name = en; path = en.lproj/InfoPlist.strings; sourceTree = "<group>"; };
		575A1C21192A8DB7000B9EC4 /* HoPro_QuizTests.m */ = {isa = PBXFileReference; lastKnownFileType = sourcecode.c.objc; path = HoPro_QuizTests.m; sourceTree = "<group>"; };
/* End PBXFileReference section */

/* Begin PBXFrameworksBuildPhase section */
		575A1BED192A8DB7000B9EC4 /* Frameworks */ = {
			isa = PBXFrameworksBuildPhase;
			buildActionMask = 2147483647;
			files = (
				575A1BF6192A8DB7000B9EC4 /* CoreGraphics.framework in Frameworks */,
				575A1BF8192A8DB7000B9EC4 /* UIKit.framework in Frameworks */,
				575A1BF4192A8DB7000B9EC4 /* Foundation.framework in Frameworks */,
			);
			runOnlyForDeploymentPostprocessing = 0;
		};
		575A1C11192A8DB7000B9EC4 /* Frameworks */ = {
			isa = PBXFrameworksBuildPhase;
			buildActionMask = 2147483647;
			files = (
				575A1C16192A8DB7000B9EC4 /* XCTest.framework in Frameworks */,
				575A1C18192A8DB7000B9EC4 /* UIKit.framework in Frameworks */,
				575A1C17192A8DB7000B9EC4 /* Foundation.framework in Frameworks */,
			);
			runOnlyForDeploymentPostprocessing = 0;
		};
/* End PBXFrameworksBuildPhase section */

/* Begin PBXGroup section */
		575A1BE7192A8DB7000B9EC4 = {
			isa = PBXGroup;
			children = (
				575A1BF9192A8DB7000B9EC4 /* HoPro Quiz */,
				575A1C1B192A8DB7000B9EC4 /* HoPro QuizTests */,
				575A1BF2192A8DB7000B9EC4 /* Frameworks */,
				575A1BF1192A8DB7000B9EC4 /* Products */,
			);
			sourceTree = "<group>";
		};
		575A1BF1192A8DB7000B9EC4 /* Products */ = {
			isa = PBXGroup;
			children = (
				575A1BF0192A8DB7000B9EC4 /* HoPro Quiz.app */,
				575A1C14192A8DB7000B9EC4 /* HoPro QuizTests.xctest */,
			);
			name = Products;
			sourceTree = "<group>";
		};
		575A1BF2192A8DB7000B9EC4 /* Frameworks */ = {
			isa = PBXGroup;
			children = (
				575A1BF3192A8DB7000B9EC4 /* Foundation.framework */,
				575A1BF5192A8DB7000B9EC4 /* CoreGraphics.framework */,
				575A1BF7192A8DB7000B9EC4 /* UIKit.framework */,
				575A1C15192A8DB7000B9EC4 /* XCTest.framework */,
			);
			name = Frameworks;
			sourceTree = "<group>";
		};
		575A1BF9192A8DB7000B9EC4 /* HoPro Quiz */ = {
			isa = PBXGroup;
			children = (
				575A1C02192A8DB7000B9EC4 /* AppDelegate.h */,
				575A1C03192A8DB7000B9EC4 /* AppDelegate.m */,
				575A1C05192A8DB7000B9EC4 /* Main_iPhone.storyboard */,
				575A1C08192A8DB7000B9EC4 /* Main_iPad.storyboard */,
				575A1C0B192A8DB7000B9EC4 /* ViewController.h */,
				575A1C0C192A8DB7000B9EC4 /* ViewController.m */,
				575A1C0E192A8DB7000B9EC4 /* Images.xcassets */,
				575A1BFA192A8DB7000B9EC4 /* Supporting Files */,
			);
			path = "HoPro Quiz";
			sourceTree = "<group>";
		};
		575A1BFA192A8DB7000B9EC4 /* Supporting Files */ = {
			isa = PBXGroup;
			children = (
				575A1BFB192A8DB7000B9EC4 /* HoPro Quiz-Info.plist */,
				575A1BFC192A8DB7000B9EC4 /* InfoPlist.strings */,
				575A1BFF192A8DB7000B9EC4 /* main.m */,
				575A1C01192A8DB7000B9EC4 /* HoPro Quiz-Prefix.pch */,
			);
			name = "Supporting Files";
			sourceTree = "<group>";
		};
		575A1C1B192A8DB7000B9EC4 /* HoPro QuizTests */ = {
			isa = PBXGroup;
			children = (
				575A1C21192A8DB7000B9EC4 /* HoPro_QuizTests.m */,
				575A1C1C192A8DB7000B9EC4 /* Supporting Files */,
			);
			path = "HoPro QuizTests";
			sourceTree = "<group>";
		};
		575A1C1C192A8DB7000B9EC4 /* Supporting Files */ = {
			isa = PBXGroup;
			children = (
				575A1C1D192A8DB7000B9EC4 /* HoPro QuizTests-Info.plist */,
				575A1C1E192A8DB7000B9EC4 /* InfoPlist.strings */,
			);
			name = "Supporting Files";
			sourceTree = "<group>";
		};
/* End PBXGroup section */

/* Begin PBXNativeTarget section */
		575A1BEF192A8DB7000B9EC4 /* HoPro Quiz */ = {
			isa = PBXNativeTarget;
			buildConfigurationList = 575A1C25192A8DB7000B9EC4 /* Build configuration list for PBXNativeTarget "HoPro Quiz" */;
			buildPhases = (
				575A1BEC192A8DB7000B9EC4 /* Sources */,
				575A1BED192A8DB7000B9EC4 /* Frameworks */,
				575A1BEE192A8DB7000B9EC4 /* Resources */,
			);
			buildRules = (
			);
			dependencies = (
			);
			name = "HoPro Quiz";
			productName = "HoPro Quiz";
			productReference = 575A1BF0192A8DB7000B9EC4 /* HoPro Quiz.app */;
			productType = "com.apple.product-type.application";
		};
		575A1C13192A8DB7000B9EC4 /* HoPro QuizTests */ = {
			isa = PBXNativeTarget;
			buildConfigurationList = 575A1C28192A8DB7000B9EC4 /* Build configuration list for PBXNativeTarget "HoPro QuizTests" */;
			buildPhases = (
				575A1C10192A8DB7000B9EC4 /* Sources */,
				575A1C11192A8DB7000B9EC4 /* Frameworks */,
				575A1C12192A8DB7000B9EC4 /* Resources */,
			);
			buildRules = (
			);
			dependencies = (
				575A1C1A192A8DB7000B9EC4 /* PBXTargetDependency */,
			);
			name = "HoPro QuizTests";
			productName = "HoPro QuizTests";
			productReference = 575A1C14192A8DB7000B9EC4 /* HoPro QuizTests.xctest */;
			productType = "com.apple.product-type.bundle.unit-test";
		};
/* End PBXNativeTarget section */

/* Begin PBXProject section */
		575A1BE8192A8DB7000B9EC4 /* Project object */ = {
			isa = PBXProject;
			attributes = {
				LastUpgradeCheck = 0510;
				ORGANIZATIONNAME = __MELISSAOSEI__;
				TargetAttributes = {
					575A1C13192A8DB7000B9EC4 = {
						TestTargetID = 575A1BEF192A8DB7000B9EC4;
					};
				};
			};
			buildConfigurationList = 575A1BEB192A8DB7000B9EC4 /* Build configuration list for PBXProject "HoPro Quiz" */;
			compatibilityVersion = "Xcode 3.2";
			developmentRegion = English;
			hasScannedForEncodings = 0;
			knownRegions = (
				en,
				Base,
			);
			mainGroup = 575A1BE7192A8DB7000B9EC4;
			productRefGroup = 575A1BF1192A8DB7000B9EC4 /* Products */;
			projectDirPath = "";
			projectRoot = "";
			targets = (
				575A1BEF192A8DB7000B9EC4 /* HoPro Quiz */,
				575A1C13192A8DB7000B9EC4 /* HoPro QuizTests */,
			);
		};
/* End PBXProject section */

/* Begin PBXResourcesBuildPhase section */
		575A1BEE192A8DB7000B9EC4 /* Resources */ = {
			isa = PBXResourcesBuildPhase;
			buildActionMask = 2147483647;
			files = (
				575A1C0A192A8DB7000B9EC4 /* Main_iPad.storyboard in Resources */,
				575A1C0F192A8DB7000B9EC4 /* Images.xcassets in Resources */,
				575A1C07192A8DB7000B9EC4 /* Main_iPhone.storyboard in Resources */,
				575A1BFE192A8DB7000B9EC4 /* InfoPlist.strings in Resources */,
			);
			runOnlyForDeploymentPostprocessing = 0;
		};
		575A1C12192A8DB7000B9EC4 /* Resources */ = {
			isa = PBXResourcesBuildPhase;
			buildActionMask = 2147483647;
			files = (
				575A1C20192A8DB7000B9EC4 /* InfoPlist.strings in Resources */,
			);
			runOnlyForDeploymentPostprocessing = 0;
		};
/* End PBXResourcesBuildPhase section */

/* Begin PBXSourcesBuildPhase section */
		575A1BEC192A8DB7000B9EC4 /* Sources */ = {
			isa = PBXSourcesBuildPhase;
			buildActionMask = 2147483647;
			files = (
				575A1C0D192A8DB7000B9EC4 /* ViewController.m in Sources */,
				575A1C04192A8DB7000B9EC4 /* AppDelegate.m in Sources */,
				575A1C00192A8DB7000B9EC4 /* main.m in Sources */,
			);
			runOnlyForDeploymentPostprocessing = 0;
		};
		575A1C10192A8DB7000B9EC4 /* Sources */ = {
			isa = PBXSourcesBuildPhase;
			buildActionMask = 2147483647;
			files = (
				575A1C22192A8DB7000B9EC4 /* HoPro_QuizTests.m in Sources */,
			);
			runOnlyForDeploymentPostprocessing = 0;
		};
/* End PBXSourcesBuildPhase section */

/* Begin PBXTargetDependency section */
		575A1C1A192A8DB7000B9EC4 /* PBXTargetDependency */ = {
			isa = PBXTargetDependency;
			target = 575A1BEF192A8DB7000B9EC4 /* HoPro Quiz */;
			targetProxy = 575A1C19192A8DB7000B9EC4 /* PBXContainerItemProxy */;
		};
/* End PBXTargetDependency section */

/* Begin PBXVariantGroup section */
		575A1BFC192A8DB7000B9EC4 /* InfoPlist.strings */ = {
			isa = PBXVariantGroup;
			children = (
				575A1BFD192A8DB7000B9EC4 /* en */,
			);
			name = InfoPlist.strings;
			sourceTree = "<group>";
		};
		575A1C05192A8DB7000B9EC4 /* Main_iPhone.storyboard */ = {
			isa = PBXVariantGroup;
			children = (
				575A1C06192A8DB7000B9EC4 /* Base */,
			);
			name = Main_iPhone.storyboard;
			sourceTree = "<group>";
		};
		575A1C08192A8DB7000B9EC4 /* Main_iPad.storyboard */ = {
			isa = PBXVariantGroup;
			children = (
				575A1C09192A8DB7000B9EC4 /* Base */,
			);
			name = Main_iPad.storyboard;
			sourceTree = "<group>";
		};
		575A1C1E192A8DB7000B9EC4 /* InfoPlist.strings */ = {
			isa = PBXVariantGroup;
			children = (
				575A1C1F192A8DB7000B9EC4 /* en */,
			);
			name = InfoPlist.strings;
			sourceTree = "<group>";
		};
/* End PBXVariantGroup section */

/* Begin XCBuildConfiguration section */
		575A1C23192A8DB7000B9EC4 /* Debug */ = {
			isa = XCBuildConfiguration;
			buildSettings = {
				ALWAYS_SEARCH_USER_PATHS = NO;
				CLANG_CXX_LANGUAGE_STANDARD = "gnu++0x";
				CLANG_CXX_LIBRARY = "libc++";
				CLANG_ENABLE_MODULES = YES;
				CLANG_ENABLE_OBJC_ARC = YES;
				CLANG_WARN_BOOL_CONVERSION = YES;
				CLANG_WARN_CONSTANT_CONVERSION = YES;
				CLANG_WARN_DIRECT_OBJC_ISA_USAGE = YES_ERROR;
				CLANG_WARN_EMPTY_BODY = YES;
				CLANG_WARN_ENUM_CONVERSION = YES;
				CLANG_WARN_INT_CONVERSION = YES;
				CLANG_WARN_OBJC_ROOT_CLASS = YES_ERROR;
				CLANG_WARN__DUPLICATE_METHOD_MATCH = YES;
				"CODE_SIGN_IDENTITY[sdk=iphoneos*]" = "iPhone Developer";
				COPY_PHASE_STRIP = NO;
				GCC_C_LANGUAGE_STANDARD = gnu99;
				GCC_DYNAMIC_NO_PIC = NO;
				GCC_OPTIMIZATION_LEVEL = 0;
				GCC_PREPROCESSOR_DEFINITIONS = (
					"DEBUG=1",
					"$(inherited)",
				);
				GCC_SYMBOLS_PRIVATE_EXTERN = NO;
				GCC_WARN_64_TO_32_BIT_CONVERSION = YES;
				GCC_WARN_ABOUT_RETURN_TYPE = YES_ERROR;
				GCC_WARN_UNDECLARED_SELECTOR = YES;
				GCC_WARN_UNINITIALIZED_AUTOS = YES_AGGRESSIVE;
				GCC_WARN_UNUSED_FUNCTION = YES;
				GCC_WARN_UNUSED_VARIABLE = YES;
				IPHONEOS_DEPLOYMENT_TARGET = 7.1;
				ONLY_ACTIVE_ARCH = YES;
				SDKROOT = iphoneos;
				TARGETED_DEVICE_FAMILY = "1,2";
			};
			name = Debug;
		};
		575A1C24192A8DB7000B9EC4 /* Release */ = {
			isa = XCBuildConfiguration;
			buildSettings = {
				ALWAYS_SEARCH_USER_PATHS = NO;
				CLANG_CXX_LANGUAGE_STANDARD = "gnu++0x";
				CLANG_CXX_LIBRARY = "libc++";
				CLANG_ENABLE_MODULES = YES;
				CLANG_ENABLE_OBJC_ARC = YES;
				CLANG_WARN_BOOL_CONVERSION = YES;
				CLANG_WARN_CONSTANT_CONVERSION = YES;
				CLANG_WARN_DIRECT_OBJC_ISA_USAGE = YES_ERROR;
				CLANG_WARN_EMPTY_BODY = YES;
				CLANG_WARN_ENUM_CONVERSION = YES;
				CLANG_WARN_INT_CONVERSION = YES;
				CLANG_WARN_OBJC_ROOT_CLASS = YES_ERROR;
				CLANG_WARN__DUPLICATE_METHOD_MATCH = YES;
				"CODE_SIGN_IDENTITY[sdk=iphoneos*]" = "iPhone Developer";
				COPY_PHASE_STRIP = YES;
				ENABLE_NS_ASSERTIONS = NO;
				GCC_C_LANGUAGE_STANDARD = gnu99;
				GCC_WARN_64_TO_32_BIT_CONVERSION = YES;
				GCC_WARN_ABOUT_RETURN_TYPE = YES_ERROR;
				GCC_WARN_UNDECLARED_SELECTOR = YES;
				GCC_WARN_UNINITIALIZED_AUTOS = YES_AGGRESSIVE;
				GCC_WARN_UNUSED_FUNCTION = YES;
				GCC_WARN_UNUSED_VARIABLE = YES;
				IPHONEOS_DEPLOYMENT_TARGET = 7.1;
				SDKROOT = iphoneos;
				TARGETED_DEVICE_FAMILY = "1,2";
				VALIDATE_PRODUCT = YES;
			};
			name = Release;
		};
		575A1C26192A8DB7000B9EC4 /* Debug */ = {
			isa = XCBuildConfiguration;
			buildSettings = {
				ASSETCATALOG_COMPILER_APPICON_NAME = AppIcon;
				ASSETCATALOG_COMPILER_LAUNCHIMAGE_NAME = LaunchImage;
				GCC_PRECOMPILE_PREFIX_HEADER = YES;
				GCC_PREFIX_HEADER = "HoPro Quiz/HoPro Quiz-Prefix.pch";
				INFOPLIST_FILE = "HoPro Quiz/HoPro Quiz-Info.plist";
				PRODUCT_NAME = "$(TARGET_NAME)";
				WRAPPER_EXTENSION = app;
			};
			name = Debug;
		};
		575A1C27192A8DB7000B9EC4 /* Release */ = {
			isa = XCBuildConfiguration;
			buildSettings = {
				ASSETCATALOG_COMPILER_APPICON_NAME = AppIcon;
				ASSETCATALOG_COMPILER_LAUNCHIMAGE_NAME = LaunchImage;
				GCC_PRECOMPILE_PREFIX_HEADER = YES;
				GCC_PREFIX_HEADER = "HoPro Quiz/HoPro Quiz-Prefix.pch";
				INFOPLIST_FILE = "HoPro Quiz/HoPro Quiz-Info.plist";
				PRODUCT_NAME = "$(TARGET_NAME)";
				WRAPPER_EXTENSION = app;
			};
			name = Release;
		};
		575A1C29192A8DB7000B9EC4 /* Debug */ = {
			isa = XCBuildConfiguration;
			buildSettings = {
				BUNDLE_LOADER = "$(BUILT_PRODUCTS_DIR)/HoPro Quiz.app/HoPro Quiz";
				FRAMEWORK_SEARCH_PATHS = (
					"$(SDKROOT)/Developer/Library/Frameworks",
					"$(inherited)",
					"$(DEVELOPER_FRAMEWORKS_DIR)",
				);
				GCC_PRECOMPILE_PREFIX_HEADER = YES;
				GCC_PREFIX_HEADER = "HoPro Quiz/HoPro Quiz-Prefix.pch";
				GCC_PREPROCESSOR_DEFINITIONS = (
					"DEBUG=1",
					"$(inherited)",
				);
				INFOPLIST_FILE = "HoPro QuizTests/HoPro QuizTests-Info.plist";
				PRODUCT_NAME = "$(TARGET_NAME)";
				TEST_HOST = "$(BUNDLE_LOADER)";
				WRAPPER_EXTENSION = xctest;
			};
			name = Debug;
		};
		575A1C2A192A8DB7000B9EC4 /* Release */ = {
			isa = XCBuildConfiguration;
			buildSettings = {
				BUNDLE_LOADER = "$(BUILT_PRODUCTS_DIR)/HoPro Quiz.app/HoPro Quiz";
				FRAMEWORK_SEARCH_PATHS = (
					"$(SDKROOT)/Developer/Library/Frameworks",
					"$(inherited)",
					"$(DEVELOPER_FRAMEWORKS_DIR)",
				);
				GCC_PRECOMPILE_PREFIX_HEADER = YES;
				GCC_PREFIX_HEADER = "HoPro Quiz/HoPro Quiz-Prefix.pch";
				INFOPLIST_FILE = "HoPro QuizTests/HoPro QuizTests-Info.plist";
				PRODUCT_NAME = "$(TARGET_NAME)";
				TEST_HOST = "$(BUNDLE_LOADER)";
				WRAPPER_EXTENSION = xctest;
			};
			name = Release;
		};
/* End XCBuildConfiguration section */

/* Begin XCConfigurationList section */
		575A1BEB192A8DB7000B9EC4 /* Build configuration list for PBXProject "HoPro Quiz" */ = {
			isa = XCConfigurationList;
			buildConfigurations = (
				575A1C23192A8DB7000B9EC4 /* Debug */,
				575A1C24192A8DB7000B9EC4 /* Release */,
			);
			defaultConfigurationIsVisible = 0;
			defaultConfigurationName = Release;
		};
		575A1C25192A8DB7000B9EC4 /* Build configuration list for PBXNativeTarget "HoPro Quiz" */ = {
			isa = XCConfigurationList;
			buildConfigurations = (
				575A1C26192A8DB7000B9EC4 /* Debug */,
				575A1C27192A8DB7000B9EC4 /* Release */,
			);
			defaultConfigurationIsVisible = 0;
		};
		575A1C28192A8DB7000B9EC4 /* Build configuration list for PBXNativeTarget "HoPro QuizTests" */ = {
			isa = XCConfigurationList;
			buildConfigurations = (
				575A1C29192A8DB7000B9EC4 /* Debug */,
				575A1C2A192A8DB7000B9EC4 /* Release */,
			);
			defaultConfigurationIsVisible = 0;
		};
/* End XCConfigurationList section */
	};
	rootObject = 575A1BE8192A8DB7000B9EC4 /* Project object */;
}
